
Microsoft Visual Studio Solution File, Format Version 12.00
# Visual Studio Version 16
VisualStudioVersion = 25.0.1706.1
MinimumVisualStudioVersion = 10.0.40219.1
Project("{FAE04EC0-301F-11D3-BF4B-00C04F79EFBC}") = "etteplan-xml-enterID", "etteplan-xml-enterID\etteplan-xml-enterID.csproj", "{5515F012-C5DA-4C38-A3EE-ABC63B3EE892}"
EndProject
Global
	GlobalSection(SolutionConfigurationPlatforms) = preSolution
		Debug|Any CPU = Debug|Any CPU
		Release|Any CPU = Release|Any CPU
	EndGlobalSection
	GlobalSection(ProjectConfigurationPlatforms) = postSolution
		{5515F012-C5DA-4C38-A3EE-ABC63B3EE892}.Debug|Any CPU.ActiveCfg = Debug|Any CPU
		{5515F012-C5DA-4C38-A3EE-ABC63B3EE892}.Debug|Any CPU.Build.0 = Debug|Any CPU
		{5515F012-C5DA-4C38-A3EE-ABC63B3EE892}.Release|Any CPU.ActiveCfg = Release|Any CPU
		{5515F012-C5DA-4C38-A3EE-ABC63B3EE892}.Release|Any CPU.Build.0 = Release|Any CPU
	EndGlobalSection
	GlobalSection(SolutionProperties) = preSolution
		HideSolutionNode = FALSE
	EndGlobalSection
	GlobalSection(ExtensibilityGlobals) = postSolution
		SolutionGuid = {8A42C9ED-5F6F-44C7-8831-925D4FBE669D}
	EndGlobalSection
EndGlobal
